
Microsoft Visual Studio Solution File, Format Version 12.00
# Visual Studio 15
VisualStudioVersion = 15.0.28307.1831
MinimumVisualStudioVersion = 10.0.40219.1
Project("{159641D6-6404-4A2A-AE62-294DE0FE8301}") = "Baseball_Logs_Databank_Project", "Baseball_Logs_Databank_Project\Baseball_Logs_Databank_Project.dtproj", "{8D125907-A954-415E-A41C-29276FBC7299}"
EndProject
Global
	GlobalSection(SolutionConfigurationPlatforms) = preSolution
		Development|Default = Development|Default
	EndGlobalSection
	GlobalSection(ProjectConfigurationPlatforms) = postSolution
		{8D125907-A954-415E-A41C-29276FBC7299}.Development|Default.ActiveCfg = Development
		{8D125907-A954-415E-A41C-29276FBC7299}.Development|Default.Build.0 = Development
	EndGlobalSection
	GlobalSection(SolutionProperties) = preSolution
		HideSolutionNode = FALSE
	EndGlobalSection
	GlobalSection(ExtensibilityGlobals) = postSolution
		SolutionGuid = {EA28E1A4-6D7E-4652-9E86-F351E529357F}
	EndGlobalSection
EndGlobal
